
Microsoft Visual Studio Solution File, Format Version 12.00
# Visual Studio 15
VisualStudioVersion = 15.0.28010.2026
MinimumVisualStudioVersion = 10.0.40219.1
Project("{FAE04EC0-301F-11D3-BF4B-00C04F79EFBC}") = "BWBinding", "BWBinding\BWBinding.csproj", "{9B70D997-16EE-472F-9F79-7959957AC480}"
EndProject
Project("{FAE04EC0-301F-11D3-BF4B-00C04F79EFBC}") = "Bootstrap", "Bootstrap\Bootstrap.csproj", "{095C02B8-8981-47FA-A98D-9A0117FCE48A}"
EndProject
Global
	GlobalSection(SolutionConfigurationPlatforms) = preSolution
		Debug|Any CPU = Debug|Any CPU
		Release|Any CPU = Release|Any CPU
	EndGlobalSection
	GlobalSection(ProjectConfigurationPlatforms) = postSolution
		{9B70D997-16EE-472F-9F79-7959957AC480}.Debug|Any CPU.ActiveCfg = Debug|Any CPU
		{9B70D997-16EE-472F-9F79-7959957AC480}.Debug|Any CPU.Build.0 = Debug|Any CPU
		{9B70D997-16EE-472F-9F79-7959957AC480}.Release|Any CPU.ActiveCfg = Release|Any CPU
		{9B70D997-16EE-472F-9F79-7959957AC480}.Release|Any CPU.Build.0 = Release|Any CPU
		{095C02B8-8981-47FA-A98D-9A0117FCE48A}.Debug|Any CPU.ActiveCfg = Debug|Any CPU
		{095C02B8-8981-47FA-A98D-9A0117FCE48A}.Debug|Any CPU.Build.0 = Debug|Any CPU
		{095C02B8-8981-47FA-A98D-9A0117FCE48A}.Release|Any CPU.ActiveCfg = Release|Any CPU
		{095C02B8-8981-47FA-A98D-9A0117FCE48A}.Release|Any CPU.Build.0 = Release|Any CPU
	EndGlobalSection
	GlobalSection(SolutionProperties) = preSolution
		HideSolutionNode = FALSE
	EndGlobalSection
	GlobalSection(ExtensibilityGlobals) = postSolution
		SolutionGuid = {FE8CE0A2-0E8E-4BFE-9CD9-F3F06C0E70EE}
	EndGlobalSection
EndGlobal
